
Microsoft Visual Studio Solution File, Format Version 12.00
# Visual Studio 2013
VisualStudioVersion = 12.0.31101.0
MinimumVisualStudioVersion = 10.0.40219.1
Project("{FAE04EC0-301F-11D3-BF4B-00C04F79EFBC}") = "StrategyManager", "StrategyManager\StrategyManager.csproj", "{394E1F1D-B5D0-46E2-B60E-7BEE3A939DE2}"
EndProject
Project("{FAE04EC0-301F-11D3-BF4B-00C04F79EFBC}") = "StrategyUIA", "StrategyUIA\StrategyUIA.csproj", "{F181E453-0EBE-4775-9CC1-1CE26CDC4ED2}"
EndProject
Project("{FAE04EC0-301F-11D3-BF4B-00C04F79EFBC}") = "GRANTApplication", "GRANTApplication\GRANTApplication.csproj", "{8C26F616-879F-425C-952F-97FD074909DB}"
EndProject
Project("{FAE04EC0-301F-11D3-BF4B-00C04F79EFBC}") = "StrategyGenericTree", "StrategyGenericTree\StrategyGenericTree.csproj", "{11274856-9C54-4D3D-B7E9-82B45414EA50}"
EndProject
Global
	GlobalSection(SolutionConfigurationPlatforms) = preSolution
		Debug|Any CPU = Debug|Any CPU
		Release|Any CPU = Release|Any CPU
	EndGlobalSection
	GlobalSection(ProjectConfigurationPlatforms) = postSolution
		{394E1F1D-B5D0-46E2-B60E-7BEE3A939DE2}.Debug|Any CPU.ActiveCfg = Debug|Any CPU
		{394E1F1D-B5D0-46E2-B60E-7BEE3A939DE2}.Debug|Any CPU.Build.0 = Debug|Any CPU
		{394E1F1D-B5D0-46E2-B60E-7BEE3A939DE2}.Release|Any CPU.ActiveCfg = Release|Any CPU
		{394E1F1D-B5D0-46E2-B60E-7BEE3A939DE2}.Release|Any CPU.Build.0 = Release|Any CPU
		{F181E453-0EBE-4775-9CC1-1CE26CDC4ED2}.Debug|Any CPU.ActiveCfg = Debug|Any CPU
		{F181E453-0EBE-4775-9CC1-1CE26CDC4ED2}.Debug|Any CPU.Build.0 = Debug|Any CPU
		{F181E453-0EBE-4775-9CC1-1CE26CDC4ED2}.Release|Any CPU.ActiveCfg = Release|Any CPU
		{F181E453-0EBE-4775-9CC1-1CE26CDC4ED2}.Release|Any CPU.Build.0 = Release|Any CPU
		{8C26F616-879F-425C-952F-97FD074909DB}.Debug|Any CPU.ActiveCfg = Debug|Any CPU
		{8C26F616-879F-425C-952F-97FD074909DB}.Debug|Any CPU.Build.0 = Debug|Any CPU
		{8C26F616-879F-425C-952F-97FD074909DB}.Release|Any CPU.ActiveCfg = Release|Any CPU
		{8C26F616-879F-425C-952F-97FD074909DB}.Release|Any CPU.Build.0 = Release|Any CPU
		{11274856-9C54-4D3D-B7E9-82B45414EA50}.Debug|Any CPU.ActiveCfg = Debug|Any CPU
		{11274856-9C54-4D3D-B7E9-82B45414EA50}.Debug|Any CPU.Build.0 = Debug|Any CPU
		{11274856-9C54-4D3D-B7E9-82B45414EA50}.Release|Any CPU.ActiveCfg = Release|Any CPU
		{11274856-9C54-4D3D-B7E9-82B45414EA50}.Release|Any CPU.Build.0 = Release|Any CPU
	EndGlobalSection
	GlobalSection(SolutionProperties) = preSolution
		HideSolutionNode = FALSE
	EndGlobalSection
EndGlobal
